<?xml version="1.0" encoding="utf-8"?>
<Project ToolsVersion="4.0" xmlns="http://schemas.microsoft.com/developer/msbuild/2003">
  <ItemGroup>
    <Filter Include="Animation">
      <UniqueIdentifier>{8d57cd68-fc27-46d6-bfbf-d43c969f12b9}</UniqueIdentifier>
    </Filter>
    <Filter Include="Box">
      <UniqueIdentifier>{876147e7-d0f8-4380-9bd3-0075cf7ea1cc}</UniqueIdentifier>
    </Filter>
    <Filter Include="Control">
      <UniqueIdentifier>{84f4111f-0a08-43c9-8509-9063f8802cb2}</UniqueIdentifier>
    </Filter>
    <Filter Include="Render">
      <UniqueIdentifier>{5be13808-6dcf-4769-a719-b80d560bc6c7}</UniqueIdentifier>
    </Filter>
    <Filter Include="Utils">
      <UniqueIdentifier>{244e0a53-1c33-4dcd-bfd2-f9f310f2e805}</UniqueIdentifier>
    </Filter>
    <Filter Include="duilib">
      <UniqueIdentifier>{d63d44fa-8100-4713-9f44-4f9c9d043250}</UniqueIdentifier>
    </Filter>
    <Filter Include="Image">
      <UniqueIdentifier>{5a541f18-9357-4061-8935-710d8a836568}</UniqueIdentifier>
    </Filter>
    <Filter Include="Core">
      <UniqueIdentifier>{1f234e59-8715-40b0-956f-f4522df552bf}</UniqueIdentifier>
    </Filter>
    <Filter Include="third_party">
      <UniqueIdentifier>{f35d83ee-c8c5-43ae-90a2-7b32443ee0dc}</UniqueIdentifier>
    </Filter>
    <Filter Include="third_party\svg">
      <UniqueIdentifier>{fb600588-5462-4429-bd41-b718781b7509}</UniqueIdentifier>
    </Filter>
    <Filter Include="third_party\unzip">
      <UniqueIdentifier>{e830306f-8d26-4a7d-8c75-488fd6671c6f}</UniqueIdentifier>
    </Filter>
    <Filter Include="third_party\stb_image">
      <UniqueIdentifier>{3f9265e5-a15a-4e95-9457-ac05cbf88a37}</UniqueIdentifier>
    </Filter>
    <Filter Include="third_party\apng">
      <UniqueIdentifier>{418af93b-1aa2-4345-8118-2af96f4691e5}</UniqueIdentifier>
    </Filter>
    <Filter Include="RenderGdiPlus">
      <UniqueIdentifier>{36e9cdf8-f81c-44f3-8841-dfc3e02a50ba}</UniqueIdentifier>
    </Filter>
    <Filter Include="RenderSkia">
      <UniqueIdentifier>{0a39786a-5478-4647-b38c-4e57f94acfb4}</UniqueIdentifier>
    </Filter>
    <Filter Include="third_party\xml">
      <UniqueIdentifier>{94f29640-b8f0-4c7e-ad1d-dae80f83d3f5}</UniqueIdentifier>
    </Filter>
  </ItemGroup>
  <ItemGroup>
    <ClCompile Include="Animation\AnimationPlayer.cpp">
      <Filter>Animation</Filter>
    </ClCompile>
    <ClCompile Include="Animation\AnimationManager.cpp">
      <Filter>Animation</Filter>
    </ClCompile>
    <ClCompile Include="Box\TabBox.cpp">
      <Filter>Box</Filter>
    </ClCompile>
    <ClCompile Include="Control\CircleProgress.cpp">
      <Filter>Control</Filter>
    </ClCompile>
    <ClCompile Include="Control\Combo.cpp">
      <Filter>Control</Filter>
    </ClCompile>
    <ClCompile Include="Control\Menu.cpp">
      <Filter>Control</Filter>
    </ClCompile>
    <ClCompile Include="Control\Progress.cpp">
      <Filter>Control</Filter>
    </ClCompile>
    <ClCompile Include="Control\RichEdit.cpp">
      <Filter>Control</Filter>
    </ClCompile>
    <ClCompile Include="Control\Slider.cpp">
      <Filter>Control</Filter>
    </ClCompile>
    <ClCompile Include="Control\TreeView.cpp">
      <Filter>Control</Filter>
    </ClCompile>
    <ClCompile Include="Utils\ApiWrapper.cpp">
      <Filter>Utils</Filter>
    </ClCompile>
    <ClCompile Include="Utils\OnScreenKeyboardManager.cpp">
      <Filter>Utils</Filter>
    </ClCompile>
    <ClCompile Include="Utils\StringUtil.cpp">
      <Filter>Utils</Filter>
    </ClCompile>
    <ClCompile Include="Utils\WinImplBase.cpp">
      <Filter>Utils</Filter>
    </ClCompile>
    <ClCompile Include="duilib.cpp">
      <Filter>duilib</Filter>
    </ClCompile>
    <ClCompile Include="Control\DateTime.cpp">
      <Filter>Control</Filter>
    </ClCompile>
    <ClCompile Include="Image\Image.cpp">
      <Filter>Image</Filter>
    </ClCompile>
    <ClCompile Include="Core\Box.cpp">
      <Filter>Core</Filter>
    </ClCompile>
    <ClCompile Include="Core\Control.cpp">
      <Filter>Core</Filter>
    </ClCompile>
    <ClCompile Include="Core\ControlFinder.cpp">
      <Filter>Core</Filter>
    </ClCompile>
    <ClCompile Include="Core\GlobalManager.cpp">
      <Filter>Core</Filter>
    </ClCompile>
    <ClCompile Include="Core\Placeholder.cpp">
      <Filter>Core</Filter>
    </ClCompile>
    <ClCompile Include="Core\ToolTip.cpp">
      <Filter>Core</Filter>
    </ClCompile>
    <ClCompile Include="Core\Window.cpp">
      <Filter>Core</Filter>
    </ClCompile>
    <ClCompile Include="Core\WindowBuilder.cpp">
      <Filter>Core</Filter>
    </ClCompile>
    <ClCompile Include="Image\ImageDecoder.cpp">
      <Filter>Image</Filter>
    </ClCompile>
    <ClCompile Include="third_party\unzip\UnZip.cpp">
      <Filter>third_party\unzip</Filter>
    </ClCompile>
    <ClCompile Include="third_party\apng\decoder-apng.cpp">
      <Filter>third_party\apng</Filter>
    </ClCompile>
    <ClCompile Include="Core\BoxShadow.cpp">
      <Filter>Core</Filter>
    </ClCompile>
    <ClCompile Include="Utils\PerformanceUtil.cpp">
      <Filter>Utils</Filter>
    </ClCompile>
    <ClCompile Include="Utils\ShadowWnd.cpp">
      <Filter>Utils</Filter>
    </ClCompile>
    <ClCompile Include="RenderGdiPlus\Bitmap_GDI.cpp">
      <Filter>RenderGdiPlus</Filter>
    </ClCompile>
    <ClCompile Include="RenderGdiPlus\BitmapHepler.cpp">
      <Filter>RenderGdiPlus</Filter>
    </ClCompile>
    <ClCompile Include="RenderGdiPlus\Brush_Gdiplus.cpp">
      <Filter>RenderGdiPlus</Filter>
    </ClCompile>
    <ClCompile Include="RenderGdiPlus\Path_Gdiplus.cpp">
      <Filter>RenderGdiPlus</Filter>
    </ClCompile>
    <ClCompile Include="RenderGdiPlus\Pen_GdiPlus.cpp">
      <Filter>RenderGdiPlus</Filter>
    </ClCompile>
    <ClCompile Include="RenderGdiPlus\Render_GdiPlus.cpp">
      <Filter>RenderGdiPlus</Filter>
    </ClCompile>
    <ClCompile Include="RenderGdiPlus\RenderFactory_GdiPlus.cpp">
      <Filter>RenderGdiPlus</Filter>
    </ClCompile>
    <ClCompile Include="Render\AutoClip.cpp">
      <Filter>Render</Filter>
    </ClCompile>
    <ClCompile Include="RenderSkia\RenderFactory_Skia.cpp">
      <Filter>RenderSkia</Filter>
    </ClCompile>
    <ClCompile Include="RenderSkia\Render_Skia.cpp">
      <Filter>RenderSkia</Filter>
    </ClCompile>
    <ClCompile Include="RenderSkia\Bitmap_Skia.cpp">
      <Filter>RenderSkia</Filter>
    </ClCompile>
    <ClCompile Include="Render\BitmapAlpha.cpp">
      <Filter>Render</Filter>
    </ClCompile>
    <ClCompile Include="RenderSkia\Pen_Skia.cpp">
      <Filter>RenderSkia</Filter>
    </ClCompile>
    <ClCompile Include="RenderSkia\SkTextBox.cpp">
      <Filter>RenderSkia</Filter>
    </ClCompile>
    <ClCompile Include="RenderSkia\SkUtils.cpp">
      <Filter>RenderSkia</Filter>
    </ClCompile>
    <ClCompile Include="RenderSkia\Brush_Skia.cpp">
      <Filter>RenderSkia</Filter>
    </ClCompile>
    <ClCompile Include="RenderSkia\Path_Skia.cpp">
      <Filter>RenderSkia</Filter>
    </ClCompile>
    <ClCompile Include="RenderGdiPlus\Matrix_Gdiplus.cpp">
      <Filter>RenderGdiPlus</Filter>
    </ClCompile>
    <ClCompile Include="RenderSkia\Matrix_Skia.cpp">
      <Filter>RenderSkia</Filter>
    </ClCompile>
    <ClCompile Include="third_party\xml\pugixml.cpp">
      <Filter>third_party\xml</Filter>
    </ClCompile>
    <ClCompile Include="Control\RichText.cpp">
      <Filter>Control</Filter>
    </ClCompile>
    <ClCompile Include="Core\ColorManager.cpp">
      <Filter>Core</Filter>
    </ClCompile>
    <ClCompile Include="Core\FontManager.cpp">
      <Filter>Core</Filter>
    </ClCompile>
    <ClCompile Include="RenderGdiPlus\Font_GDI.cpp">
      <Filter>RenderGdiPlus</Filter>
    </ClCompile>
    <ClCompile Include="RenderSkia\Font_Skia.cpp">
      <Filter>RenderSkia</Filter>
    </ClCompile>
    <ClCompile Include="Core\ImageManager.cpp">
      <Filter>Core</Filter>
    </ClCompile>
    <ClCompile Include="Core\ZipManager.cpp">
      <Filter>Core</Filter>
    </ClCompile>
    <ClCompile Include="Core\DpiManager.cpp">
      <Filter>Core</Filter>
    </ClCompile>
    <ClCompile Include="Core\Shadow.cpp">
      <Filter>Core</Filter>
    </ClCompile>
    <ClCompile Include="Core\TimerManager.cpp">
      <Filter>Core</Filter>
    </ClCompile>
    <ClCompile Include="Core\LangManager.cpp">
      <Filter>Core</Filter>
    </ClCompile>
    <ClCompile Include="Utils\FileUtil.cpp">
      <Filter>Utils</Filter>
    </ClCompile>
    <ClCompile Include="Core\ScrollBar.cpp">
      <Filter>Core</Filter>
    </ClCompile>
    <ClCompile Include="Core\UiColors.cpp">
      <Filter>Core</Filter>
    </ClCompile>
    <ClCompile Include="Core\EventArgs.cpp">
      <Filter>Core</Filter>
    </ClCompile>
    <ClCompile Include="Utils\AttributeUtil.cpp">
      <Filter>Utils</Filter>
    </ClCompile>
    <ClCompile Include="Box\Layout.cpp">
      <Filter>Box</Filter>
    </ClCompile>
    <ClCompile Include="Box\VLayout.cpp">
      <Filter>Box</Filter>
    </ClCompile>
    <ClCompile Include="Box\HLayout.cpp">
      <Filter>Box</Filter>
    </ClCompile>
    <ClCompile Include="Box\ScrollBox.cpp">
      <Filter>Box</Filter>
    </ClCompile>
    <ClCompile Include="Box\ListBox.cpp">
      <Filter>Box</Filter>
    </ClCompile>
    <ClCompile Include="Box\VirtualListBox.cpp">
      <Filter>Box</Filter>
    </ClCompile>
    <ClCompile Include="Box\VirtualHLayout.cpp">
      <Filter>Box</Filter>
    </ClCompile>
    <ClCompile Include="Box\VirtualVLayout.cpp">
      <Filter>Box</Filter>
    </ClCompile>
    <ClCompile Include="Box\HTileLayout.cpp">
      <Filter>Box</Filter>
    </ClCompile>
    <ClCompile Include="Box\VTileLayout.cpp">
      <Filter>Box</Filter>
    </ClCompile>
    <ClCompile Include="Box\VirtualVTileLayout.cpp">
      <Filter>Box</Filter>
    </ClCompile>
    <ClCompile Include="Box\VirtualHTileLayout.cpp">
      <Filter>Box</Filter>
    </ClCompile>
    <ClCompile Include="Core\ControlLoading.cpp">
      <Filter>Core</Filter>
    </ClCompile>
    <ClCompile Include="Core\IconManager.cpp">
      <Filter>Core</Filter>
    </ClCompile>
    <ClCompile Include="Control\RichEditHost.cpp">
      <Filter>Control</Filter>
    </ClCompile>
    <ClCompile Include="Control\FilterCombo.cpp">
      <Filter>Control</Filter>
    </ClCompile>
    <ClCompile Include="Control\CheckCombo.cpp">
      <Filter>Control</Filter>
    </ClCompile>
    <ClCompile Include="Core\WindowDropTarget.cpp">
      <Filter>Core</Filter>
    </ClCompile>
    <ClCompile Include="Core\ControlDropTarget.cpp">
      <Filter>Core</Filter>
    </ClCompile>
    <ClCompile Include="Control\ComboButton.cpp">
      <Filter>Control</Filter>
    </ClCompile>
    <ClCompile Include="Control\ColorControl.cpp">
      <Filter>Control</Filter>
    </ClCompile>
    <ClCompile Include="Control\ColorConvert.cpp">
      <Filter>Control</Filter>
    </ClCompile>
    <ClCompile Include="Control\ColorSlider.cpp">
      <Filter>Control</Filter>
    </ClCompile>
    <ClCompile Include="Control\ColorPickerRegular.cpp">
      <Filter>Control</Filter>
    </ClCompile>
    <ClCompile Include="Control\ColorPickerStatard.cpp">
      <Filter>Control</Filter>
    </ClCompile>
    <ClCompile Include="Control\ColorPickerStatardGray.cpp">
      <Filter>Control</Filter>
    </ClCompile>
    <ClCompile Include="Control\ColorPickerCustom.cpp">
      <Filter>Control</Filter>
    </ClCompile>
    <ClCompile Include="Control\ColorPicker.cpp">
      <Filter>Control</Filter>
    </ClCompile>
    <ClCompile Include="Control\Line.cpp">
      <Filter>Control</Filter>
    </ClCompile>
    <ClCompile Include="Control\IPAddress.cpp">
      <Filter>Control</Filter>
    </ClCompile>
    <ClCompile Include="Control\HotKey.cpp">
      <Filter>Control</Filter>
    </ClCompile>
    <ClCompile Include="Control\ListCtrl.cpp">
      <Filter>Control</Filter>
    </ClCompile>
    <ClCompile Include="Control\ListCtrlHeader.cpp">
      <Filter>Control</Filter>
    </ClCompile>
    <ClCompile Include="Control\ListCtrlHeaderItem.cpp">
      <Filter>Control</Filter>
    </ClCompile>
    <ClCompile Include="Control\ListCtrlItem.cpp">
      <Filter>Control</Filter>
    </ClCompile>
    <ClCompile Include="Control\ListCtrlSubItem.cpp">
      <Filter>Control</Filter>
    </ClCompile>
    <ClCompile Include="Core\ImageList.cpp">
      <Filter>Core</Filter>
    </ClCompile>
    <ClCompile Include="Control\ListCtrlData.cpp">
      <Filter>Control</Filter>
    </ClCompile>
    <ClCompile Include="Control\ListCtrlReportView.cpp">
      <Filter>Control</Filter>
    </ClCompile>
    <ClCompile Include="Control\ListCtrlIconView.cpp">
      <Filter>Control</Filter>
    </ClCompile>
    <ClCompile Include="Control\ListCtrlView.cpp">
      <Filter>Control</Filter>
    </ClCompile>
    <ClCompile Include="Control\PropertyGrid.cpp">
      <Filter>Control</Filter>
    </ClCompile>
    <ClCompile Include="Utils\FileDialog.cpp">
      <Filter>Utils</Filter>
    </ClCompile>
    <ClCompile Include="Control\TabCtrl.cpp">
      <Filter>Control</Filter>
    </ClCompile>
    <ClCompile Include="Core\DragWindow.cpp">
      <Filter>Core</Filter>
    </ClCompile>
    <ClCompile Include="Core\StateColorMap.cpp">
      <Filter>Core</Filter>
    </ClCompile>
    <ClCompile Include="Image\ImageInfo.cpp">
      <Filter>Image</Filter>
    </ClCompile>
    <ClCompile Include="Image\ImageAttribute.cpp">
      <Filter>Image</Filter>
    </ClCompile>
    <ClCompile Include="Image\ImageLoadAttribute.cpp">
      <Filter>Image</Filter>
    </ClCompile>
    <ClCompile Include="Image\StateImageMap.cpp">
      <Filter>Image</Filter>
    </ClCompile>
    <ClCompile Include="Image\StateImage.cpp">
      <Filter>Image</Filter>
    </ClCompile>
    <ClCompile Include="Image\ImageGif.cpp">
      <Filter>Image</Filter>
    </ClCompile>
  </ItemGroup>
  <ItemGroup>
    <ClInclude Include="Animation\AnimationManager.h">
      <Filter>Animation</Filter>
    </ClInclude>
    <ClInclude Include="Animation\AnimationPlayer.h">
      <Filter>Animation</Filter>
    </ClInclude>
    <ClInclude Include="Box\HBox.h">
      <Filter>Box</Filter>
    </ClInclude>
    <ClInclude Include="Box\TabBox.h">
      <Filter>Box</Filter>
    </ClInclude>
    <ClInclude Include="Box\TileBox.h">
      <Filter>Box</Filter>
    </ClInclude>
    <ClInclude Include="Box\VBox.h">
      <Filter>Box</Filter>
    </ClInclude>
    <ClInclude Include="Control\Button.h">
      <Filter>Control</Filter>
    </ClInclude>
    <ClInclude Include="Control\CheckBox.h">
      <Filter>Control</Filter>
    </ClInclude>
    <ClInclude Include="Control\CircleProgress.h">
      <Filter>Control</Filter>
    </ClInclude>
    <ClInclude Include="Control\Combo.h">
      <Filter>Control</Filter>
    </ClInclude>
    <ClInclude Include="Control\Label.h">
      <Filter>Control</Filter>
    </ClInclude>
    <ClInclude Include="Control\Menu.h">
      <Filter>Control</Filter>
    </ClInclude>
    <ClInclude Include="Control\observer_impl_base.hpp">
      <Filter>Control</Filter>
    </ClInclude>
    <ClInclude Include="Control\Option.h">
      <Filter>Control</Filter>
    </ClInclude>
    <ClInclude Include="Control\Progress.h">
      <Filter>Control</Filter>
    </ClInclude>
    <ClInclude Include="Control\RichEdit.h">
      <Filter>Control</Filter>
    </ClInclude>
    <ClInclude Include="Control\Slider.h">
      <Filter>Control</Filter>
    </ClInclude>
    <ClInclude Include="Control\TreeView.h">
      <Filter>Control</Filter>
    </ClInclude>
    <ClInclude Include="Render\IRender.h">
      <Filter>Render</Filter>
    </ClInclude>
    <ClInclude Include="Utils\ApiWrapper.h">
      <Filter>Utils</Filter>
    </ClInclude>
    <ClInclude Include="Utils\Delegate.h">
      <Filter>Utils</Filter>
    </ClInclude>
    <ClInclude Include="Utils\Macros.h">
      <Filter>Utils</Filter>
    </ClInclude>
    <ClInclude Include="Utils\OnScreenKeyboardManager.h">
      <Filter>Utils</Filter>
    </ClInclude>
    <ClInclude Include="Utils\StringUtil.h">
      <Filter>Utils</Filter>
    </ClInclude>
    <ClInclude Include="Utils\VersionHelpers.h">
      <Filter>Utils</Filter>
    </ClInclude>
    <ClInclude Include="Utils\WinImplBase.h">
      <Filter>Utils</Filter>
    </ClInclude>
    <ClInclude Include="duilib.h">
      <Filter>duilib</Filter>
    </ClInclude>
    <ClInclude Include="duilib_config.h">
      <Filter>duilib</Filter>
    </ClInclude>
    <ClInclude Include="duilib_defs.h">
      <Filter>duilib</Filter>
    </ClInclude>
    <ClInclude Include="Control\DateTime.h">
      <Filter>Control</Filter>
    </ClInclude>
    <ClInclude Include="Image\Image.h">
      <Filter>Image</Filter>
    </ClInclude>
    <ClInclude Include="Core\Box.h">
      <Filter>Core</Filter>
    </ClInclude>
    <ClInclude Include="Core\Control.h">
      <Filter>Core</Filter>
    </ClInclude>
    <ClInclude Include="Core\ControlFinder.h">
      <Filter>Core</Filter>
    </ClInclude>
    <ClInclude Include="Core\GlobalManager.h">
      <Filter>Core</Filter>
    </ClInclude>
    <ClInclude Include="Core\Placeholder.h">
      <Filter>Core</Filter>
    </ClInclude>
    <ClInclude Include="Core\ToolTip.h">
      <Filter>Core</Filter>
    </ClInclude>
    <ClInclude Include="Core\Window.h">
      <Filter>Core</Filter>
    </ClInclude>
    <ClInclude Include="Core\WindowBuilder.h">
      <Filter>Core</Filter>
    </ClInclude>
    <ClInclude Include="Image\ImageDecoder.h">
      <Filter>Image</Filter>
    </ClInclude>
    <ClInclude Include="third_party\svg\nanosvg.h">
      <Filter>third_party\svg</Filter>
    </ClInclude>
    <ClInclude Include="third_party\svg\nanosvgrast.h">
      <Filter>third_party\svg</Filter>
    </ClInclude>
    <ClInclude Include="third_party\unzip\UnZip.h">
      <Filter>third_party\unzip</Filter>
    </ClInclude>
    <ClInclude Include="third_party\stb_image\stb_image.h">
      <Filter>third_party\stb_image</Filter>
    </ClInclude>
    <ClInclude Include="third_party\apng\decoder-apng.h">
      <Filter>third_party\apng</Filter>
    </ClInclude>
    <ClInclude Include="third_party\stb_image\stb_image_resize.h">
      <Filter>third_party\stb_image</Filter>
    </ClInclude>
    <ClInclude Include="Core\BoxShadow.h">
      <Filter>Core</Filter>
    </ClInclude>
    <ClInclude Include="Utils\PerformanceUtil.h">
      <Filter>Utils</Filter>
    </ClInclude>
    <ClInclude Include="Utils\ShadowWnd.h">
      <Filter>Utils</Filter>
    </ClInclude>
    <ClInclude Include="RenderGdiPlus\Bitmap_GDI.h">
      <Filter>RenderGdiPlus</Filter>
    </ClInclude>
    <ClInclude Include="RenderGdiPlus\BitmapHelper.h">
      <Filter>RenderGdiPlus</Filter>
    </ClInclude>
    <ClInclude Include="RenderGdiPlus\Brush_Gdiplus.h">
      <Filter>RenderGdiPlus</Filter>
    </ClInclude>
    <ClInclude Include="RenderGdiPlus\Path_Gdiplus.h">
      <Filter>RenderGdiPlus</Filter>
    </ClInclude>
    <ClInclude Include="RenderGdiPlus\Pen_GdiPlus.h">
      <Filter>RenderGdiPlus</Filter>
    </ClInclude>
    <ClInclude Include="RenderGdiPlus\Render_GdiPlus.h">
      <Filter>RenderGdiPlus</Filter>
    </ClInclude>
    <ClInclude Include="RenderGdiPlus\RenderFactory_GdiPlus.h">
      <Filter>RenderGdiPlus</Filter>
    </ClInclude>
    <ClInclude Include="RenderGdiPlus\GdiPlusDefs.h">
      <Filter>RenderGdiPlus</Filter>
    </ClInclude>
    <ClInclude Include="Render\AutoClip.h">
      <Filter>Render</Filter>
    </ClInclude>
    <ClInclude Include="RenderSkia\RenderFactory_Skia.h">
      <Filter>RenderSkia</Filter>
    </ClInclude>
    <ClInclude Include="RenderSkia\Render_Skia.h">
      <Filter>RenderSkia</Filter>
    </ClInclude>
    <ClInclude Include="RenderSkia\Bitmap_Skia.h">
      <Filter>RenderSkia</Filter>
    </ClInclude>
    <ClInclude Include="Render\BitmapAlpha.h">
      <Filter>Render</Filter>
    </ClInclude>
    <ClInclude Include="RenderSkia\Pen_Skia.h">
      <Filter>RenderSkia</Filter>
    </ClInclude>
    <ClInclude Include="RenderSkia\SkTextBox.h">
      <Filter>RenderSkia</Filter>
    </ClInclude>
    <ClInclude Include="RenderSkia\SkUtils.h">
      <Filter>RenderSkia</Filter>
    </ClInclude>
    <ClInclude Include="RenderSkia\Brush_Skia.h">
      <Filter>RenderSkia</Filter>
    </ClInclude>
    <ClInclude Include="RenderSkia\Path_Skia.h">
      <Filter>RenderSkia</Filter>
    </ClInclude>
    <ClInclude Include="Render\RenderConfig.h">
      <Filter>Render</Filter>
    </ClInclude>
    <ClInclude Include="RenderGdiPlus\Matrix_Gdiplus.h">
      <Filter>RenderGdiPlus</Filter>
    </ClInclude>
    <ClInclude Include="RenderSkia\Matrix_Skia.h">
      <Filter>RenderSkia</Filter>
    </ClInclude>
    <ClInclude Include="third_party\xml\pugiconfig.hpp">
      <Filter>third_party\xml</Filter>
    </ClInclude>
    <ClInclude Include="third_party\xml\pugixml.hpp">
      <Filter>third_party\xml</Filter>
    </ClInclude>
    <ClInclude Include="Control\RichText.h">
      <Filter>Control</Filter>
    </ClInclude>
    <ClInclude Include="Core\ColorManager.h">
      <Filter>Core</Filter>
    </ClInclude>
    <ClInclude Include="Core\FontManager.h">
      <Filter>Core</Filter>
    </ClInclude>
    <ClInclude Include="RenderGdiPlus\Font_GDI.h">
      <Filter>RenderGdiPlus</Filter>
    </ClInclude>
    <ClInclude Include="RenderSkia\Font_Skia.h">
      <Filter>RenderSkia</Filter>
    </ClInclude>
    <ClInclude Include="Core\ImageManager.h">
      <Filter>Core</Filter>
    </ClInclude>
    <ClInclude Include="Core\ZipManager.h">
      <Filter>Core</Filter>
    </ClInclude>
    <ClInclude Include="Core\DpiManager.h">
      <Filter>Core</Filter>
    </ClInclude>
    <ClInclude Include="Core\Shadow.h">
      <Filter>Core</Filter>
    </ClInclude>
    <ClInclude Include="Core\TimerManager.h">
      <Filter>Core</Filter>
    </ClInclude>
    <ClInclude Include="Core\LangManager.h">
      <Filter>Core</Filter>
    </ClInclude>
    <ClInclude Include="Utils\FileUtil.h">
      <Filter>Utils</Filter>
    </ClInclude>
    <ClInclude Include="Core\ScrollBar.h">
      <Filter>Core</Filter>
    </ClInclude>
    <ClInclude Include="Core\UiFont.h">
      <Filter>Core</Filter>
    </ClInclude>
    <ClInclude Include="Core\UiRect.h">
      <Filter>Core</Filter>
    </ClInclude>
    <ClInclude Include="Core\UiSize.h">
      <Filter>Core</Filter>
    </ClInclude>
    <ClInclude Include="Core\UiPoint.h">
      <Filter>Core</Filter>
    </ClInclude>
    <ClInclude Include="Core\UiColor.h">
      <Filter>Core</Filter>
    </ClInclude>
    <ClInclude Include="Core\UiColors.h">
      <Filter>Core</Filter>
    </ClInclude>
    <ClInclude Include="Core\EventArgs.h">
      <Filter>Core</Filter>
    </ClInclude>
    <ClInclude Include="Utils\AttributeUtil.h">
      <Filter>Utils</Filter>
    </ClInclude>
    <ClInclude Include="Core\UiSize64.h">
      <Filter>Core</Filter>
    </ClInclude>
    <ClInclude Include="Box\Layout.h">
      <Filter>Box</Filter>
    </ClInclude>
    <ClInclude Include="Box\VLayout.h">
      <Filter>Box</Filter>
    </ClInclude>
    <ClInclude Include="Box\HLayout.h">
      <Filter>Box</Filter>
    </ClInclude>
    <ClInclude Include="Box\ScrollBox.h">
      <Filter>Box</Filter>
    </ClInclude>
    <ClInclude Include="Box\ListBox.h">
      <Filter>Box</Filter>
    </ClInclude>
    <ClInclude Include="Core\UiMargin.h">
      <Filter>Core</Filter>
    </ClInclude>
    <ClInclude Include="Core\UiPadding.h">
      <Filter>Core</Filter>
    </ClInclude>
    <ClInclude Include="Core\UiTypes.h">
      <Filter>Core</Filter>
    </ClInclude>
    <ClInclude Include="Core\UiEstInt.h">
      <Filter>Core</Filter>
    </ClInclude>
    <ClInclude Include="Core\UiFixedInt.h">
      <Filter>Core</Filter>
    </ClInclude>
    <ClInclude Include="Box\VirtualListBox.h">
      <Filter>Box</Filter>
    </ClInclude>
    <ClInclude Include="Box\VirtualLayout.h">
      <Filter>Box</Filter>
    </ClInclude>
    <ClInclude Include="Box\VirtualHLayout.h">
      <Filter>Box</Filter>
    </ClInclude>
    <ClInclude Include="Box\VirtualVLayout.h">
      <Filter>Box</Filter>
    </ClInclude>
    <ClInclude Include="Box\HTileLayout.h">
      <Filter>Box</Filter>
    </ClInclude>
    <ClInclude Include="Box\VTileLayout.h">
      <Filter>Box</Filter>
    </ClInclude>
    <ClInclude Include="Box\VirtualVTileLayout.h">
      <Filter>Box</Filter>
    </ClInclude>
    <ClInclude Include="Box\VirtualHTileLayout.h">
      <Filter>Box</Filter>
    </ClInclude>
    <ClInclude Include="Core\UiString.h">
      <Filter>Core</Filter>
    </ClInclude>
    <ClInclude Include="Core\ControlLoading.h">
      <Filter>Core</Filter>
    </ClInclude>
    <ClInclude Include="Core\IconManager.h">
      <Filter>Core</Filter>
    </ClInclude>
    <ClInclude Include="Control\Split.h">
      <Filter>Control</Filter>
    </ClInclude>
    <ClInclude Include="Control\RichEditHost.h">
      <Filter>Control</Filter>
    </ClInclude>
    <ClInclude Include="Control\RichEditCtrl.h">
      <Filter>Control</Filter>
    </ClInclude>
    <ClInclude Include="Control\GroupBox.h">
      <Filter>Control</Filter>
    </ClInclude>
    <ClInclude Include="Control\FilterCombo.h">
      <Filter>Control</Filter>
    </ClInclude>
    <ClInclude Include="Control\CheckCombo.h">
      <Filter>Control</Filter>
    </ClInclude>
    <ClInclude Include="Core\WindowDropTarget.h">
      <Filter>Core</Filter>
    </ClInclude>
    <ClInclude Include="Core\ControlDropTarget.h">
      <Filter>Core</Filter>
    </ClInclude>
    <ClInclude Include="Control\ComboButton.h">
      <Filter>Control</Filter>
    </ClInclude>
    <ClInclude Include="Core\UiPointF.h">
      <Filter>Core</Filter>
    </ClInclude>
    <ClInclude Include="Control\ColorControl.h">
      <Filter>Control</Filter>
    </ClInclude>
    <ClInclude Include="Control\ColorConvert.h">
      <Filter>Control</Filter>
    </ClInclude>
    <ClInclude Include="Control\ColorSlider.h">
      <Filter>Control</Filter>
    </ClInclude>
    <ClInclude Include="Control\ColorPickerRegular.h">
      <Filter>Control</Filter>
    </ClInclude>
    <ClInclude Include="Control\ColorPickerStatard.h">
      <Filter>Control</Filter>
    </ClInclude>
    <ClInclude Include="Control\ColorPickerStatardGray.h">
      <Filter>Control</Filter>
    </ClInclude>
    <ClInclude Include="Control\ColorPickerCustom.h">
      <Filter>Control</Filter>
    </ClInclude>
    <ClInclude Include="Control\ColorPicker.h">
      <Filter>Control</Filter>
    </ClInclude>
    <ClInclude Include="Control\Line.h">
      <Filter>Control</Filter>
    </ClInclude>
    <ClInclude Include="Control\IPAddress.h">
      <Filter>Control</Filter>
    </ClInclude>
    <ClInclude Include="Control\HotKey.h">
      <Filter>Control</Filter>
    </ClInclude>
    <ClInclude Include="Control\HyperLink.h">
      <Filter>Control</Filter>
    </ClInclude>
    <ClInclude Include="Control\ListCtrl.h">
      <Filter>Control</Filter>
    </ClInclude>
    <ClInclude Include="Box\ListBoxItem.h">
      <Filter>Box</Filter>
    </ClInclude>
    <ClInclude Include="Control\ListCtrlHeader.h">
      <Filter>Control</Filter>
    </ClInclude>
    <ClInclude Include="Control\ListCtrlHeaderItem.h">
      <Filter>Control</Filter>
    </ClInclude>
    <ClInclude Include="Control\ListCtrlItem.h">
      <Filter>Control</Filter>
    </ClInclude>
    <ClInclude Include="Control\ListCtrlSubItem.h">
      <Filter>Control</Filter>
    </ClInclude>
    <ClInclude Include="Control\ListCtrlDefs.h">
      <Filter>Control</Filter>
    </ClInclude>
    <ClInclude Include="Core\ImageList.h">
      <Filter>Core</Filter>
    </ClInclude>
    <ClInclude Include="Control\ListCtrlData.h">
      <Filter>Control</Filter>
    </ClInclude>
    <ClInclude Include="Control\ListCtrlReportView.h">
      <Filter>Control</Filter>
    </ClInclude>
    <ClInclude Include="Control\ListCtrlIconView.h">
      <Filter>Control</Filter>
    </ClInclude>
    <ClInclude Include="Control\ListCtrlView.h">
      <Filter>Control</Filter>
    </ClInclude>
    <ClInclude Include="Control\PropertyGrid.h">
      <Filter>Control</Filter>
    </ClInclude>
    <ClInclude Include="Utils\FileDialog.h">
      <Filter>Utils</Filter>
    </ClInclude>
    <ClInclude Include="Control\TabCtrl.h">
      <Filter>Control</Filter>
    </ClInclude>
    <ClInclude Include="Core\ControlDragable.h">
      <Filter>Core</Filter>
    </ClInclude>
    <ClInclude Include="Core\DragWindow.h">
      <Filter>Core</Filter>
    </ClInclude>
    <ClInclude Include="Core\StateColorMap.h">
      <Filter>Core</Filter>
    </ClInclude>
    <ClInclude Include="Image\ImageInfo.h">
      <Filter>Image</Filter>
    </ClInclude>
    <ClInclude Include="Image\ImageAttribute.h">
      <Filter>Image</Filter>
    </ClInclude>
    <ClInclude Include="Image\ImageLoadAttribute.h">
      <Filter>Image</Filter>
    </ClInclude>
    <ClInclude Include="Image\StateImageMap.h">
      <Filter>Image</Filter>
    </ClInclude>
    <ClInclude Include="Image\StateImage.h">
      <Filter>Image</Filter>
    </ClInclude>
    <ClInclude Include="Image\ImageGif.h">
      <Filter>Image</Filter>
    </ClInclude>
  </ItemGroup>
</Project>