<?xml version="1.0" encoding="utf-8"?>
<Project ToolsVersion="4.0" xmlns="http://schemas.microsoft.com/developer/msbuild/2003">
  <ItemGroup>
    <Filter Include="Animation">
      <UniqueIdentifier>{8d57cd68-fc27-46d6-bfbf-d43c969f12b9}</UniqueIdentifier>
    </Filter>
    <Filter Include="Box">
      <UniqueIdentifier>{876147e7-d0f8-4380-9bd3-0075cf7ea1cc}</UniqueIdentifier>
    </Filter>
    <Filter Include="Control">
      <UniqueIdentifier>{84f4111f-0a08-43c9-8509-9063f8802cb2}</UniqueIdentifier>
    </Filter>
    <Filter Include="Core">
      <UniqueIdentifier>{05bb1367-b7c8-4364-a43d-6f1034fccad3}</UniqueIdentifier>
    </Filter>
    <Filter Include="Render">
      <UniqueIdentifier>{5be13808-6dcf-4769-a719-b80d560bc6c7}</UniqueIdentifier>
    </Filter>
    <Filter Include="Utils">
      <UniqueIdentifier>{244e0a53-1c33-4dcd-bfd2-f9f310f2e805}</UniqueIdentifier>
    </Filter>
    <Filter Include="duilib">
      <UniqueIdentifier>{d63d44fa-8100-4713-9f44-4f9c9d043250}</UniqueIdentifier>
    </Filter>
  </ItemGroup>
  <ItemGroup>
    <ClCompile Include="Animation\AnimationPlayer.cpp">
      <Filter>Animation</Filter>
    </ClCompile>
    <ClCompile Include="Animation\AnimationManager.cpp">
      <Filter>Animation</Filter>
    </ClCompile>
    <ClCompile Include="Box\ChildBox.cpp">
      <Filter>Box</Filter>
    </ClCompile>
    <ClCompile Include="Box\HBox.cpp">
      <Filter>Box</Filter>
    </ClCompile>
    <ClCompile Include="Box\TabBox.cpp">
      <Filter>Box</Filter>
    </ClCompile>
    <ClCompile Include="Box\TileBox.cpp">
      <Filter>Box</Filter>
    </ClCompile>
    <ClCompile Include="Box\VBox.cpp">
      <Filter>Box</Filter>
    </ClCompile>
    <ClCompile Include="Control\CircleProgress.cpp">
      <Filter>Control</Filter>
    </ClCompile>
    <ClCompile Include="Control\Combo.cpp">
      <Filter>Control</Filter>
    </ClCompile>
    <ClCompile Include="Control\Menu.cpp">
      <Filter>Control</Filter>
    </ClCompile>
    <ClCompile Include="Control\Progress.cpp">
      <Filter>Control</Filter>
    </ClCompile>
    <ClCompile Include="Control\RichEdit.cpp">
      <Filter>Control</Filter>
    </ClCompile>
    <ClCompile Include="Control\ScrollBar.cpp">
      <Filter>Control</Filter>
    </ClCompile>
    <ClCompile Include="Control\Slider.cpp">
      <Filter>Control</Filter>
    </ClCompile>
    <ClCompile Include="Control\TreeView.cpp">
      <Filter>Control</Filter>
    </ClCompile>
    <ClCompile Include="Control\VirtualListBox.cpp">
      <Filter>Control</Filter>
    </ClCompile>
    <ClCompile Include="Control\VirtualTileBox.cpp">
      <Filter>Control</Filter>
    </ClCompile>
    <ClCompile Include="Core\Box.cpp">
      <Filter>Core</Filter>
    </ClCompile>
    <ClCompile Include="Core\Control.cpp">
      <Filter>Core</Filter>
    </ClCompile>
    <ClCompile Include="Core\Define.cpp">
      <Filter>Core</Filter>
    </ClCompile>
    <ClCompile Include="Core\GlobalManager.cpp">
      <Filter>Core</Filter>
    </ClCompile>
    <ClCompile Include="Core\Image.cpp">
      <Filter>Core</Filter>
    </ClCompile>
    <ClCompile Include="Core\Markup.cpp">
      <Filter>Core</Filter>
    </ClCompile>
    <ClCompile Include="Core\Placeholder.cpp">
      <Filter>Core</Filter>
    </ClCompile>
    <ClCompile Include="Core\Window.cpp">
      <Filter>Core</Filter>
    </ClCompile>
    <ClCompile Include="Core\WindowBuilder.cpp">
      <Filter>Core</Filter>
    </ClCompile>
    <ClCompile Include="Render\Bitmap.cpp">
      <Filter>Render</Filter>
    </ClCompile>
    <ClCompile Include="Render\Brush.cpp">
      <Filter>Render</Filter>
    </ClCompile>
    <ClCompile Include="Render\Clip.cpp">
      <Filter>Render</Filter>
    </ClCompile>
    <ClCompile Include="Render\Factory.cpp">
      <Filter>Render</Filter>
    </ClCompile>
    <ClCompile Include="Render\IRender.cpp">
      <Filter>Render</Filter>
    </ClCompile>
    <ClCompile Include="Render\Matrix.cpp">
      <Filter>Render</Filter>
    </ClCompile>
    <ClCompile Include="Render\Path.cpp">
      <Filter>Render</Filter>
    </ClCompile>
    <ClCompile Include="Render\Pen.cpp">
      <Filter>Render</Filter>
    </ClCompile>
    <ClCompile Include="Render\Render.cpp">
      <Filter>Render</Filter>
    </ClCompile>
    <ClCompile Include="Utils\ApiWrapper.cpp">
      <Filter>Utils</Filter>
    </ClCompile>
    <ClCompile Include="Utils\BoxShadow.cpp">
      <Filter>Utils</Filter>
    </ClCompile>
    <ClCompile Include="Utils\DpiManager.cpp">
      <Filter>Utils</Filter>
    </ClCompile>
    <ClCompile Include="Utils\FontManager.cpp">
      <Filter>Utils</Filter>
    </ClCompile>
    <ClCompile Include="Utils\GdiHepler.cpp">
      <Filter>Utils</Filter>
    </ClCompile>
    <ClCompile Include="Utils\MultiLangSupport.cpp">
      <Filter>Utils</Filter>
    </ClCompile>
    <ClCompile Include="Utils\OnScreenKeyboardManager.cpp">
      <Filter>Utils</Filter>
    </ClCompile>
    <ClCompile Include="Utils\Shadow.cpp">
      <Filter>Utils</Filter>
    </ClCompile>
    <ClCompile Include="Utils\StringUtil.cpp">
      <Filter>Utils</Filter>
    </ClCompile>
    <ClCompile Include="Utils\SvgUtil.cpp">
      <Filter>Utils</Filter>
    </ClCompile>
    <ClCompile Include="Utils\TimerManager.cpp">
      <Filter>Utils</Filter>
    </ClCompile>
    <ClCompile Include="Utils\UnZip.cpp">
      <Filter>Utils</Filter>
    </ClCompile>
    <ClCompile Include="Utils\WinImplBase.cpp">
      <Filter>Utils</Filter>
    </ClCompile>
    <ClCompile Include="duilib.cpp">
      <Filter>duilib</Filter>
    </ClCompile>
    <ClCompile Include="Control\DateTime.cpp">
      <Filter>Control</Filter>
    </ClCompile>
    <ClCompile Include="Core\ControlFinder.cpp">
      <Filter>Core</Filter>
    </ClCompile>
    <ClCompile Include="Core\ToolTip.cpp">
      <Filter>Core</Filter>
    </ClCompile>
    <ClCompile Include="Control\ListBox.cpp">
      <Filter>Control</Filter>
    </ClCompile>
  </ItemGroup>
  <ItemGroup>
    <ClInclude Include="Animation\AnimationManager.h">
      <Filter>Animation</Filter>
    </ClInclude>
    <ClInclude Include="Animation\AnimationPlayer.h">
      <Filter>Animation</Filter>
    </ClInclude>
    <ClInclude Include="Box\ChildBox.h">
      <Filter>Box</Filter>
    </ClInclude>
    <ClInclude Include="Box\HBox.h">
      <Filter>Box</Filter>
    </ClInclude>
    <ClInclude Include="Box\TabBox.h">
      <Filter>Box</Filter>
    </ClInclude>
    <ClInclude Include="Box\TileBox.h">
      <Filter>Box</Filter>
    </ClInclude>
    <ClInclude Include="Box\VBox.h">
      <Filter>Box</Filter>
    </ClInclude>
    <ClInclude Include="Control\Button.h">
      <Filter>Control</Filter>
    </ClInclude>
    <ClInclude Include="Control\CheckBox.h">
      <Filter>Control</Filter>
    </ClInclude>
    <ClInclude Include="Control\CircleProgress.h">
      <Filter>Control</Filter>
    </ClInclude>
    <ClInclude Include="Control\Combo.h">
      <Filter>Control</Filter>
    </ClInclude>
    <ClInclude Include="Control\Label.h">
      <Filter>Control</Filter>
    </ClInclude>
    <ClInclude Include="Control\Menu.h">
      <Filter>Control</Filter>
    </ClInclude>
    <ClInclude Include="Control\observer_impl_base.hpp">
      <Filter>Control</Filter>
    </ClInclude>
    <ClInclude Include="Control\Option.h">
      <Filter>Control</Filter>
    </ClInclude>
    <ClInclude Include="Control\Progress.h">
      <Filter>Control</Filter>
    </ClInclude>
    <ClInclude Include="Control\RichEdit.h">
      <Filter>Control</Filter>
    </ClInclude>
    <ClInclude Include="Control\ScrollBar.h">
      <Filter>Control</Filter>
    </ClInclude>
    <ClInclude Include="Control\Slider.h">
      <Filter>Control</Filter>
    </ClInclude>
    <ClInclude Include="Control\TreeView.h">
      <Filter>Control</Filter>
    </ClInclude>
    <ClInclude Include="Control\VirtualListBox.h">
      <Filter>Control</Filter>
    </ClInclude>
    <ClInclude Include="Control\VirtualTileBox.h">
      <Filter>Control</Filter>
    </ClInclude>
    <ClInclude Include="Core\Box.h">
      <Filter>Core</Filter>
    </ClInclude>
    <ClInclude Include="Core\Control.h">
      <Filter>Core</Filter>
    </ClInclude>
    <ClInclude Include="Core\Define.h">
      <Filter>Core</Filter>
    </ClInclude>
    <ClInclude Include="Core\GdiPlusDefs.h">
      <Filter>Core</Filter>
    </ClInclude>
    <ClInclude Include="Core\GlobalManager.h">
      <Filter>Core</Filter>
    </ClInclude>
    <ClInclude Include="Core\Image.h">
      <Filter>Core</Filter>
    </ClInclude>
    <ClInclude Include="Core\Markup.h">
      <Filter>Core</Filter>
    </ClInclude>
    <ClInclude Include="Core\Placeholder.h">
      <Filter>Core</Filter>
    </ClInclude>
    <ClInclude Include="Core\Window.h">
      <Filter>Core</Filter>
    </ClInclude>
    <ClInclude Include="Core\WindowBuilder.h">
      <Filter>Core</Filter>
    </ClInclude>
    <ClInclude Include="Render\Bitmap.h">
      <Filter>Render</Filter>
    </ClInclude>
    <ClInclude Include="Render\Brush.h">
      <Filter>Render</Filter>
    </ClInclude>
    <ClInclude Include="Render\Clip.h">
      <Filter>Render</Filter>
    </ClInclude>
    <ClInclude Include="Render\Factory.h">
      <Filter>Render</Filter>
    </ClInclude>
    <ClInclude Include="Render\IRender.h">
      <Filter>Render</Filter>
    </ClInclude>
    <ClInclude Include="Render\Matrix.h">
      <Filter>Render</Filter>
    </ClInclude>
    <ClInclude Include="Render\Path.h">
      <Filter>Render</Filter>
    </ClInclude>
    <ClInclude Include="Render\Pen.h">
      <Filter>Render</Filter>
    </ClInclude>
    <ClInclude Include="Render\Render.h">
      <Filter>Render</Filter>
    </ClInclude>
    <ClInclude Include="Utils\ApiWrapper.h">
      <Filter>Utils</Filter>
    </ClInclude>
    <ClInclude Include="Utils\BoxShadow.h">
      <Filter>Utils</Filter>
    </ClInclude>
    <ClInclude Include="Utils\Delegate.h">
      <Filter>Utils</Filter>
    </ClInclude>
    <ClInclude Include="Utils\DpiManager.h">
      <Filter>Utils</Filter>
    </ClInclude>
    <ClInclude Include="Utils\FontManager.h">
      <Filter>Utils</Filter>
    </ClInclude>
    <ClInclude Include="Utils\GdiHepler.h">
      <Filter>Utils</Filter>
    </ClInclude>
    <ClInclude Include="Utils\Macros.h">
      <Filter>Utils</Filter>
    </ClInclude>
    <ClInclude Include="Utils\MultiLangSupport.h">
      <Filter>Utils</Filter>
    </ClInclude>
    <ClInclude Include="Utils\OnScreenKeyboardManager.h">
      <Filter>Utils</Filter>
    </ClInclude>
    <ClInclude Include="Utils\Shadow.h">
      <Filter>Utils</Filter>
    </ClInclude>
    <ClInclude Include="Utils\StringUtil.h">
      <Filter>Utils</Filter>
    </ClInclude>
    <ClInclude Include="Utils\SvgUtil.h">
      <Filter>Utils</Filter>
    </ClInclude>
    <ClInclude Include="Utils\TimerManager.h">
      <Filter>Utils</Filter>
    </ClInclude>
    <ClInclude Include="Utils\UnZip.h">
      <Filter>Utils</Filter>
    </ClInclude>
    <ClInclude Include="Utils\VersionHelpers.h">
      <Filter>Utils</Filter>
    </ClInclude>
    <ClInclude Include="Utils\WinImplBase.h">
      <Filter>Utils</Filter>
    </ClInclude>
    <ClInclude Include="duilib.h">
      <Filter>duilib</Filter>
    </ClInclude>
    <ClInclude Include="duilib_config.h">
      <Filter>duilib</Filter>
    </ClInclude>
    <ClInclude Include="duilib_defs.h">
      <Filter>duilib</Filter>
    </ClInclude>
    <ClInclude Include="Control\DateTime.h">
      <Filter>Control</Filter>
    </ClInclude>
    <ClInclude Include="Core\ControlFinder.h">
      <Filter>Core</Filter>
    </ClInclude>
    <ClInclude Include="duilib_types.h">
      <Filter>duilib</Filter>
    </ClInclude>
    <ClInclude Include="Core\ToolTip.h">
      <Filter>Core</Filter>
    </ClInclude>
    <ClInclude Include="Control\ListBox.h">
      <Filter>Control</Filter>
    </ClInclude>
  </ItemGroup>
</Project>