<?xml version="1.0" encoding="utf-8"?>
<Project ToolsVersion="4.0" xmlns="http://schemas.microsoft.com/developer/msbuild/2003">
  <ItemGroup>
    <Filter Include="browser">
      <UniqueIdentifier>{cb4e3f7f-99c3-4721-8777-1d7624c6cac1}</UniqueIdentifier>
    </Filter>
    <Filter Include="Header Files">
      <UniqueIdentifier>{93995380-89BD-4b04-88EB-625FBE52EBFB}</UniqueIdentifier>
      <Extensions>h;hh;hpp;hxx;hm;inl;inc;xsd</Extensions>
    </Filter>
    <Filter Include="Source Files">
      <UniqueIdentifier>{4FC737F1-C7A5-4376-A066-2A32D752A2FF}</UniqueIdentifier>
      <Extensions>cpp;c;cc;cxx;def;odl;idl;hpj;bat;asm;asmx</Extensions>
    </Filter>
    <Filter Include="Resource Files">
      <UniqueIdentifier>{67DA6AB6-F800-4c08-8B7A-83BB121AAD01}</UniqueIdentifier>
      <Extensions>rc;ico;cur;bmp;dlg;rc2;rct;bin;rgs;gif;jpg;jpeg;jpe;resx;tiff;tif;png;wav;mfcribbon-ms</Extensions>
    </Filter>
    <Filter Include="Windows">
      <UniqueIdentifier>{b4868d12-d24a-412f-9ea7-5df9199289e7}</UniqueIdentifier>
    </Filter>
    <Filter Include="Windows\taskbar">
      <UniqueIdentifier>{fc56ebad-17ad-4679-829f-87c9ea31a6a2}</UniqueIdentifier>
    </Filter>
  </ItemGroup>
  <ItemGroup>
    <ClInclude Include="MainThread.h">
      <Filter>Header Files</Filter>
    </ClInclude>
    <ClInclude Include="TestApplication.h">
      <Filter>Header Files</Filter>
    </ClInclude>
    <ClInclude Include="browser\BrowserBox.h">
      <Filter>browser</Filter>
    </ClInclude>
    <ClInclude Include="Resource.h">
      <Filter>Resource Files</Filter>
    </ClInclude>
    <ClInclude Include="browser\BrowserForm.h">
      <Filter>browser</Filter>
    </ClInclude>
    <ClInclude Include="browser\BrowserManager.h">
      <Filter>browser</Filter>
    </ClInclude>
    <ClInclude Include="Windows\taskbar\DwmUtil.h">
      <Filter>Windows\taskbar</Filter>
    </ClInclude>
    <ClInclude Include="Windows\taskbar\TaskbarManager.h">
      <Filter>Windows\taskbar</Filter>
    </ClInclude>
    <ClInclude Include="Windows\BrowserForm_Windows.h">
      <Filter>Windows</Filter>
    </ClInclude>
    <ClInclude Include="Windows\BrowserBox_Windows.h">
      <Filter>Windows</Filter>
    </ClInclude>
    <ClInclude Include="targetver.h">
      <Filter>Resource Files</Filter>
    </ClInclude>
    <ClInclude Include="browser\DragDropManager.h">
      <Filter>browser</Filter>
    </ClInclude>
    <ClInclude Include="browser\DragForm.h">
      <Filter>browser</Filter>
    </ClInclude>
  </ItemGroup>
  <ItemGroup>
    <ClCompile Include="MainThread.cpp">
      <Filter>Source Files</Filter>
    </ClCompile>
    <ClCompile Include="main_linux.cpp">
      <Filter>Source Files</Filter>
    </ClCompile>
    <ClCompile Include="main_windows.cpp">
      <Filter>Source Files</Filter>
    </ClCompile>
    <ClCompile Include="TestApplication.cpp">
      <Filter>Source Files</Filter>
    </ClCompile>
    <ClCompile Include="browser\BrowserBox.cpp">
      <Filter>browser</Filter>
    </ClCompile>
    <ClCompile Include="browser\BrowserForm.cpp">
      <Filter>browser</Filter>
    </ClCompile>
    <ClCompile Include="browser\BrowserManager.cpp">
      <Filter>browser</Filter>
    </ClCompile>
    <ClCompile Include="Windows\taskbar\DwmUtil.cpp">
      <Filter>Windows\taskbar</Filter>
    </ClCompile>
    <ClCompile Include="Windows\taskbar\TaskbarManager.cpp">
      <Filter>Windows\taskbar</Filter>
    </ClCompile>
    <ClCompile Include="Windows\BrowserForm_Windows.cpp">
      <Filter>Windows</Filter>
    </ClCompile>
    <ClCompile Include="Windows\BrowserBox_Windows.cpp">
      <Filter>Windows</Filter>
    </ClCompile>
    <ClCompile Include="browser\DragDropManager.cpp">
      <Filter>browser</Filter>
    </ClCompile>
    <ClCompile Include="browser\DragForm.cpp">
      <Filter>browser</Filter>
    </ClCompile>
  </ItemGroup>
  <ItemGroup>
    <Image Include="CefBrowser.ico">
      <Filter>Resource Files</Filter>
    </Image>
  </ItemGroup>
  <ItemGroup>
    <ResourceCompile Include="CefBrowser.rc">
      <Filter>Resource Files</Filter>
    </ResourceCompile>
  </ItemGroup>
</Project>